
Microsoft Visual Studio Solution File, Format Version 12.00
# Visual Studio Version 17
VisualStudioVersion = 17.0.31903.59
MinimumVisualStudioVersion = 10.0.40219.1
Project("{FAE04EC0-301F-11D3-BF4B-00C04F79EFBC}") = "VendorForm.Client", "VendorForm.Client\VendorForm.Client.csproj", "{37B74550-163C-4D90-B0CD-93AF6E3C88C3}"
EndProject
Project("{FAE04EC0-301F-11D3-BF4B-00C04F79EFBC}") = "VendorForm.Api", "VendorForm.Api\VendorForm.Api.csproj", "{9200E08F-D56B-4CEF-9F90-F2E815DE802E}"
EndProject
Project("{2150E333-8FDC-42A3-9474-1A3956D46DE8}") = "Solution Items", "Solution Items", "{8EC462FD-D22E-90A8-E5CE-7E832BA40C5D}"
	ProjectSection(SolutionItems) = preProject
		README.md = README.md
	EndProjectSection
EndProject
Global
	GlobalSection(SolutionConfigurationPlatforms) = preSolution
		Debug|Any CPU = Debug|Any CPU
		Debug|x64 = Debug|x64
		Debug|x86 = Debug|x86
		Release|Any CPU = Release|Any CPU
		Release|x64 = Release|x64
		Release|x86 = Release|x86
	EndGlobalSection
	GlobalSection(ProjectConfigurationPlatforms) = postSolution
		{37B74550-163C-4D90-B0CD-93AF6E3C88C3}.Debug|Any CPU.ActiveCfg = Debug|Any CPU
		{37B74550-163C-4D90-B0CD-93AF6E3C88C3}.Debug|Any CPU.Build.0 = Debug|Any CPU
		{37B74550-163C-4D90-B0CD-93AF6E3C88C3}.Debug|x64.ActiveCfg = Debug|Any CPU
		{37B74550-163C-4D90-B0CD-93AF6E3C88C3}.Debug|x64.Build.0 = Debug|Any CPU
		{37B74550-163C-4D90-B0CD-93AF6E3C88C3}.Debug|x86.ActiveCfg = Debug|Any CPU
		{37B74550-163C-4D90-B0CD-93AF6E3C88C3}.Debug|x86.Build.0 = Debug|Any CPU
		{37B74550-163C-4D90-B0CD-93AF6E3C88C3}.Release|Any CPU.ActiveCfg = Release|Any CPU
		{37B74550-163C-4D90-B0CD-93AF6E3C88C3}.Release|Any CPU.Build.0 = Release|Any CPU
		{37B74550-163C-4D90-B0CD-93AF6E3C88C3}.Release|x64.ActiveCfg = Release|Any CPU
		{37B74550-163C-4D90-B0CD-93AF6E3C88C3}.Release|x64.Build.0 = Release|Any CPU
		{37B74550-163C-4D90-B0CD-93AF6E3C88C3}.Release|x86.ActiveCfg = Release|Any CPU
		{37B74550-163C-4D90-B0CD-93AF6E3C88C3}.Release|x86.Build.0 = Release|Any CPU
		{9200E08F-D56B-4CEF-9F90-F2E815DE802E}.Debug|Any CPU.ActiveCfg = Debug|Any CPU
		{9200E08F-D56B-4CEF-9F90-F2E815DE802E}.Debug|Any CPU.Build.0 = Debug|Any CPU
		{9200E08F-D56B-4CEF-9F90-F2E815DE802E}.Debug|x64.ActiveCfg = Debug|Any CPU
		{9200E08F-D56B-4CEF-9F90-F2E815DE802E}.Debug|x64.Build.0 = Debug|Any CPU
		{9200E08F-D56B-4CEF-9F90-F2E815DE802E}.Debug|x86.ActiveCfg = Debug|Any CPU
		{9200E08F-D56B-4CEF-9F90-F2E815DE802E}.Debug|x86.Build.0 = Debug|Any CPU
		{9200E08F-D56B-4CEF-9F90-F2E815DE802E}.Release|Any CPU.ActiveCfg = Release|Any CPU
		{9200E08F-D56B-4CEF-9F90-F2E815DE802E}.Release|Any CPU.Build.0 = Release|Any CPU
		{9200E08F-D56B-4CEF-9F90-F2E815DE802E}.Release|x64.ActiveCfg = Release|Any CPU
		{9200E08F-D56B-4CEF-9F90-F2E815DE802E}.Release|x64.Build.0 = Release|Any CPU
		{9200E08F-D56B-4CEF-9F90-F2E815DE802E}.Release|x86.ActiveCfg = Release|Any CPU
		{9200E08F-D56B-4CEF-9F90-F2E815DE802E}.Release|x86.Build.0 = Release|Any CPU
	EndGlobalSection
	GlobalSection(SolutionProperties) = preSolution
		HideSolutionNode = FALSE
	EndGlobalSection
	GlobalSection(ExtensibilityGlobals) = postSolution
		SolutionGuid = {C419C350-6B3C-45B3-B9FC-E7D136968102}
	EndGlobalSection
EndGlobal
